
Microsoft Visual Studio Solution File, Format Version 12.00
# Visual Studio 15
VisualStudioVersion = 15.0.26124.0
MinimumVisualStudioVersion = 15.0.26124.0
Project("{2150E333-8FDC-42A3-9474-1A3956D46DE8}") = "src", "src", "{E9EAF1DF-3156-4959-ACB8-641C4B61FB85}"
EndProject
Project("{FAE04EC0-301F-11D3-BF4B-00C04F79EFBC}") = "CommandAPI", "src\CommandAPI\CommandAPI.csproj", "{B065D535-C8FB-4BC6-A009-051EACB77BCC}"
EndProject
Project("{2150E333-8FDC-42A3-9474-1A3956D46DE8}") = "test", "test", "{9CEADF35-B6F4-4A53-935A-77242737D06F}"
EndProject
Project("{FAE04EC0-301F-11D3-BF4B-00C04F79EFBC}") = "CommandAPI.Tests", "test\CommandAPI.Tests\CommandAPI.Tests.csproj", "{1A17EDE3-E146-4DF9-8BE9-1CFA925CADA9}"
EndProject
Global
	GlobalSection(SolutionConfigurationPlatforms) = preSolution
		Debug|Any CPU = Debug|Any CPU
		Debug|x64 = Debug|x64
		Debug|x86 = Debug|x86
		Release|Any CPU = Release|Any CPU
		Release|x64 = Release|x64
		Release|x86 = Release|x86
	EndGlobalSection
	GlobalSection(SolutionProperties) = preSolution
		HideSolutionNode = FALSE
	EndGlobalSection
	GlobalSection(ProjectConfigurationPlatforms) = postSolution
		{B065D535-C8FB-4BC6-A009-051EACB77BCC}.Debug|Any CPU.ActiveCfg = Debug|Any CPU
		{B065D535-C8FB-4BC6-A009-051EACB77BCC}.Debug|Any CPU.Build.0 = Debug|Any CPU
		{B065D535-C8FB-4BC6-A009-051EACB77BCC}.Debug|x64.ActiveCfg = Debug|Any CPU
		{B065D535-C8FB-4BC6-A009-051EACB77BCC}.Debug|x64.Build.0 = Debug|Any CPU
		{B065D535-C8FB-4BC6-A009-051EACB77BCC}.Debug|x86.ActiveCfg = Debug|Any CPU
		{B065D535-C8FB-4BC6-A009-051EACB77BCC}.Debug|x86.Build.0 = Debug|Any CPU
		{B065D535-C8FB-4BC6-A009-051EACB77BCC}.Release|Any CPU.ActiveCfg = Release|Any CPU
		{B065D535-C8FB-4BC6-A009-051EACB77BCC}.Release|Any CPU.Build.0 = Release|Any CPU
		{B065D535-C8FB-4BC6-A009-051EACB77BCC}.Release|x64.ActiveCfg = Release|Any CPU
		{B065D535-C8FB-4BC6-A009-051EACB77BCC}.Release|x64.Build.0 = Release|Any CPU
		{B065D535-C8FB-4BC6-A009-051EACB77BCC}.Release|x86.ActiveCfg = Release|Any CPU
		{B065D535-C8FB-4BC6-A009-051EACB77BCC}.Release|x86.Build.0 = Release|Any CPU
		{1A17EDE3-E146-4DF9-8BE9-1CFA925CADA9}.Debug|Any CPU.ActiveCfg = Debug|Any CPU
		{1A17EDE3-E146-4DF9-8BE9-1CFA925CADA9}.Debug|Any CPU.Build.0 = Debug|Any CPU
		{1A17EDE3-E146-4DF9-8BE9-1CFA925CADA9}.Debug|x64.ActiveCfg = Debug|Any CPU
		{1A17EDE3-E146-4DF9-8BE9-1CFA925CADA9}.Debug|x64.Build.0 = Debug|Any CPU
		{1A17EDE3-E146-4DF9-8BE9-1CFA925CADA9}.Debug|x86.ActiveCfg = Debug|Any CPU
		{1A17EDE3-E146-4DF9-8BE9-1CFA925CADA9}.Debug|x86.Build.0 = Debug|Any CPU
		{1A17EDE3-E146-4DF9-8BE9-1CFA925CADA9}.Release|Any CPU.ActiveCfg = Release|Any CPU
		{1A17EDE3-E146-4DF9-8BE9-1CFA925CADA9}.Release|Any CPU.Build.0 = Release|Any CPU
		{1A17EDE3-E146-4DF9-8BE9-1CFA925CADA9}.Release|x64.ActiveCfg = Release|Any CPU
		{1A17EDE3-E146-4DF9-8BE9-1CFA925CADA9}.Release|x64.Build.0 = Release|Any CPU
		{1A17EDE3-E146-4DF9-8BE9-1CFA925CADA9}.Release|x86.ActiveCfg = Release|Any CPU
		{1A17EDE3-E146-4DF9-8BE9-1CFA925CADA9}.Release|x86.Build.0 = Release|Any CPU
	EndGlobalSection
	GlobalSection(NestedProjects) = preSolution
		{B065D535-C8FB-4BC6-A009-051EACB77BCC} = {E9EAF1DF-3156-4959-ACB8-641C4B61FB85}
		{1A17EDE3-E146-4DF9-8BE9-1CFA925CADA9} = {9CEADF35-B6F4-4A53-935A-77242737D06F}
	EndGlobalSection
EndGlobal
